{
  "name": "tunediver-frontend",
  "version": "0.0.0",
  "lockfileVersion": 3,
  "requires": true,
  "packages": {
    "": {
      "name": "tunediver-frontend",
      "version": "0.0.0",
      "license": "AGPL-3.0-or-later",
      "dependencies": {
        "shaven": "^2.1.0"
      },
      "devDependencies": {
        "typescript": "^5.4.2"
      }
    },
    "node_modules/escape-html": {
      "version": "1.0.3",
      "resolved": "https://registry.npmjs.org/escape-html/-/escape-html-1.0.3.tgz",
      "integrity": "sha512-NiSupZ4OeuGwr68lGIeym/ksIZMJodUGOSCZ/FSnTxcrekbvqrgdUxlJOMpijaKZVjAJrWrGs/6Jy8OMuyj9ow==",
      "license": "MIT"
    },
    "node_modules/shaven": {
      "version": "2.1.0",
      "resolved": "https://registry.npmjs.org/shaven/-/shaven-2.1.0.tgz",
      "integrity": "sha512-VlMr48ghaNxaIflQ5a/jGL9wsrZslV0hFabfJ729g08TgIzsWO1Jus4CQ+SV3kQLeeHhxELGRVFdDxzLiUY4sg==",
      "license": "ISC",
      "dependencies": {
        "escape-html": "~1.0.3"
      }
    },
    "node_modules/typescript": {
      "version": "5.8.2",
      "resolved": "https://registry.npmjs.org/typescript/-/typescript-5.8.2.tgz",
      "integrity": "sha512-aJn6wq13/afZp/jT9QZmwEjDqqvSGp1VT5GVg+f/t6/oVyrgXM6BY1h9BRh/O5p3PlUPAe+WuiEZOmb/49RqoQ==",
      "dev": true,
      "license": "Apache-2.0",
      "bin": {
        "tsc": "bin/tsc",
        "tsserver": "bin/tsserver"
      },
      "engines": {
        "node": ">=14.17"
      }
    }
  }
}
